
Microsoft Visual Studio Solution File, Format Version 12.00
# Visual Studio 14
VisualStudioVersion = 14.0.25123.0
MinimumVisualStudioVersion = 10.0.40219.1
Project("{A89F5B90-4330-4AC5-A07C-3F3E5A47A0D9}") = "Sitecore.Support.203014", "Sitecore.Support.203014\Sitecore.Support.203014.csproj", "{09160314-E96A-4A86-BD98-1599292D4B77}"
EndProject
Global
	GlobalSection(SolutionConfigurationPlatforms) = preSolution
		Debug|Any CPU = Debug|Any CPU
		Release|Any CPU = Release|Any CPU
	EndGlobalSection
	GlobalSection(ProjectConfigurationPlatforms) = postSolution
		{09160314-E96A-4A86-BD98-1599292D4B77}.Debug|Any CPU.ActiveCfg = Debug|Any CPU
		{09160314-E96A-4A86-BD98-1599292D4B77}.Debug|Any CPU.Build.0 = Debug|Any CPU
		{09160314-E96A-4A86-BD98-1599292D4B77}.Release|Any CPU.ActiveCfg = Release|Any CPU
		{09160314-E96A-4A86-BD98-1599292D4B77}.Release|Any CPU.Build.0 = Release|Any CPU
	EndGlobalSection
	GlobalSection(SolutionProperties) = preSolution
		HideSolutionNode = FALSE
	EndGlobalSection
EndGlobal
